
Microsoft Visual Studio Solution File, Format Version 12.00
# Visual Studio Version 16
VisualStudioVersion = 16.0.32126.315
MinimumVisualStudioVersion = 10.0.40219.1
Project("{FAE04EC0-301F-11D3-BF4B-00C04F79EFBC}") = "CRUDApp", "CRUDApp\CRUDApp.csproj", "{2746517C-4BA0-4066-A524-F7F03CF6AA2B}"
EndProject
Global
	GlobalSection(SolutionConfigurationPlatforms) = preSolution
		Debug|Any CPU = Debug|Any CPU
		Release|Any CPU = Release|Any CPU
	EndGlobalSection
	GlobalSection(ProjectConfigurationPlatforms) = postSolution
		{2746517C-4BA0-4066-A524-F7F03CF6AA2B}.Debug|Any CPU.ActiveCfg = Debug|Any CPU
		{2746517C-4BA0-4066-A524-F7F03CF6AA2B}.Debug|Any CPU.Build.0 = Debug|Any CPU
		{2746517C-4BA0-4066-A524-F7F03CF6AA2B}.Release|Any CPU.ActiveCfg = Release|Any CPU
		{2746517C-4BA0-4066-A524-F7F03CF6AA2B}.Release|Any CPU.Build.0 = Release|Any CPU
	EndGlobalSection
	GlobalSection(SolutionProperties) = preSolution
		HideSolutionNode = FALSE
	EndGlobalSection
	GlobalSection(ExtensibilityGlobals) = postSolution
		SolutionGuid = {FCC805FA-BD9E-4B03-BFEA-57EFAF3C76EE}
	EndGlobalSection
EndGlobal
